
Microsoft Visual Studio Solution File, Format Version 12.00
# Visual Studio Version 16
VisualStudioVersion = 16.0.30804.86
MinimumVisualStudioVersion = 10.0.40219.1
Project("{9A19103F-16F7-4668-BE54-9A1E7A4F7556}") = "Projeto_Rumos", "Projeto_Rumos\Projeto_Rumos.csproj", "{C38D5D88-5BB7-46F7-AA01-23FB46545038}"
	ProjectSection(ProjectDependencies) = postProject
		{B86283A0-41AC-4F07-8E58-1ECEEE9B694B} = {B86283A0-41AC-4F07-8E58-1ECEEE9B694B}
	EndProjectSection
EndProject
Project("{9A19103F-16F7-4668-BE54-9A1E7A4F7556}") = "Models-Class", "Models-Class\Models-Class.csproj", "{FDA05D14-DCA7-4569-8F44-2073F14ED54C}"
EndProject
Project("{9A19103F-16F7-4668-BE54-9A1E7A4F7556}") = "WebApiFrutaria", "WebApiFrutaria\WebApiFrutaria.csproj", "{B86283A0-41AC-4F07-8E58-1ECEEE9B694B}"
EndProject
Global
	GlobalSection(SolutionConfigurationPlatforms) = preSolution
		Debug|Any CPU = Debug|Any CPU
		Release|Any CPU = Release|Any CPU
	EndGlobalSection
	GlobalSection(ProjectConfigurationPlatforms) = postSolution
		{C38D5D88-5BB7-46F7-AA01-23FB46545038}.Debug|Any CPU.ActiveCfg = Debug|Any CPU
		{C38D5D88-5BB7-46F7-AA01-23FB46545038}.Debug|Any CPU.Build.0 = Debug|Any CPU
		{C38D5D88-5BB7-46F7-AA01-23FB46545038}.Release|Any CPU.ActiveCfg = Release|Any CPU
		{C38D5D88-5BB7-46F7-AA01-23FB46545038}.Release|Any CPU.Build.0 = Release|Any CPU
		{FDA05D14-DCA7-4569-8F44-2073F14ED54C}.Debug|Any CPU.ActiveCfg = Debug|Any CPU
		{FDA05D14-DCA7-4569-8F44-2073F14ED54C}.Debug|Any CPU.Build.0 = Debug|Any CPU
		{FDA05D14-DCA7-4569-8F44-2073F14ED54C}.Release|Any CPU.ActiveCfg = Release|Any CPU
		{FDA05D14-DCA7-4569-8F44-2073F14ED54C}.Release|Any CPU.Build.0 = Release|Any CPU
		{B86283A0-41AC-4F07-8E58-1ECEEE9B694B}.Debug|Any CPU.ActiveCfg = Debug|Any CPU
		{B86283A0-41AC-4F07-8E58-1ECEEE9B694B}.Debug|Any CPU.Build.0 = Debug|Any CPU
		{B86283A0-41AC-4F07-8E58-1ECEEE9B694B}.Release|Any CPU.ActiveCfg = Release|Any CPU
		{B86283A0-41AC-4F07-8E58-1ECEEE9B694B}.Release|Any CPU.Build.0 = Release|Any CPU
	EndGlobalSection
	GlobalSection(SolutionProperties) = preSolution
		HideSolutionNode = FALSE
	EndGlobalSection
	GlobalSection(ExtensibilityGlobals) = postSolution
		SolutionGuid = {83353C9C-3A6A-4B61-8892-8D603C02648E}
	EndGlobalSection
EndGlobal
